PODS:
  - yourks-ADAlertController-swifts (0.1.0)

DEPENDENCIES:
  - yourks-ADAlertController-swifts (from `../`)

EXTERNAL SOURCES:
  yourks-ADAlertController-swifts:
    :path: "../"

SPEC CHECKSUMS:
  yourks-ADAlertController-swifts: 2164b3c0f39ae58008e9162213f5073edd8eaed0

PODFILE CHECKSUM: b2364e165867e9c961ed0a489de38376d3a46d6f

COCOAPODS: 1.10.1
